<?xml version="1.0" encoding="utf-8"?>
<Project ToolsVersion="4.0" xmlns="http://schemas.microsoft.com/developer/msbuild/2003">
  <ItemGroup>
    <ClCompile Include="test_cards.cpp">
      <Filter>Source</Filter>
    </ClCompile>
    <ClCompile Include="test_cards_grid.cpp">
      <Filter>Source</Filter>
    </ClCompile>
  </ItemGroup>
  <ItemGroup>
    <Filter Include="Source">
      <UniqueIdentifier>{ccb728eb-ed84-4eb4-97ed-f90bfaf7ab24}</UniqueIdentifier>
      <Extensions>cpp</Extensions>
    </Filter>
    <Filter Include="Header">
      <UniqueIdentifier>{a64d1afb-34c8-409e-b8b4-b9a5302e4ea6}</UniqueIdentifier>
      <Extensions>h</Extensions>
    </Filter>
  </ItemGroup>
  <ItemGroup>
    <ClInclude Include="..\include\bdf_cards.h">
      <Filter>Header</Filter>
    </ClInclude>
    <ClInclude Include="..\include\bdf_file.h">
      <Filter>Header</Filter>
    </ClInclude>
    <ClInclude Include="..\include\bdf_string.h">
      <Filter>Header</Filter>
    </ClInclude>
    <ClInclude Include="..\include\bdf_types.h">
      <Filter>Header</Filter>
    </ClInclude>
    <ClInclude Include="..\include\catch.hpp">
      <Filter>Header</Filter>
    </ClInclude>
  </ItemGroup>
</Project>