<?xml version="1.0" encoding="utf-8"?>
<Project ToolsVersion="4.0" xmlns="http://schemas.microsoft.com/developer/msbuild/2003">
  <ItemGroup>
    <Filter Include="Header Files">
      <UniqueIdentifier>{3bc27312-0da5-4252-959e-0dfd0cbcb426}</UniqueIdentifier>
      <Extensions>h</Extensions>
    </Filter>
    <Filter Include="Source Files">
      <UniqueIdentifier>{8bb98995-e576-4421-aae4-0cda870d08f4}</UniqueIdentifier>
      <Extensions>cpp</Extensions>
    </Filter>
  </ItemGroup>
  <ItemGroup>
    <ClCompile Include="test_bdf_bounds.cpp">
      <Filter>Source Files</Filter>
    </ClCompile>
  </ItemGroup>
  <ItemGroup>
    <ClInclude Include="..\include\catch.hpp">
      <Filter>Header Files</Filter>
    </ClInclude>
    <ClInclude Include="..\include\bdf\cards.h">
      <Filter>Header Files</Filter>
    </ClInclude>
    <ClInclude Include="..\include\bdf\file.h">
      <Filter>Header Files</Filter>
    </ClInclude>
    <ClInclude Include="..\include\bdf\string.h">
      <Filter>Header Files</Filter>
    </ClInclude>
    <ClInclude Include="..\include\bdf\types.h">
      <Filter>Header Files</Filter>
    </ClInclude>
  </ItemGroup>
</Project>