<?xml version="1.0" encoding="utf-8"?>
<Project ToolsVersion="4.0" xmlns="http://schemas.microsoft.com/developer/msbuild/2003">
  <ItemGroup>
    <Filter Include="Source Files">
      <UniqueIdentifier>{4FC737F1-C7A5-4376-A066-2A32D752A2FF}</UniqueIdentifier>
      <Extensions>cpp;c;cc;cxx;def;odl;idl;hpj;bat;asm;asmx</Extensions>
    </Filter>
    <Filter Include="Header Files">
      <UniqueIdentifier>{93995380-89BD-4b04-88EB-625FBE52EBFB}</UniqueIdentifier>
      <Extensions>h;hpp;hxx;hm;inl;inc;xsd</Extensions>
    </Filter>
  </ItemGroup>
  <ItemGroup>
    <ClInclude Include="stdafx.h">
      <Filter>Header Files</Filter>
    </ClInclude>
    <ClInclude Include="resource.h">
      <Filter>Header Files</Filter>
    </ClInclude>
    <ClInclude Include="..\include\bdf\cards.h">
      <Filter>Header Files</Filter>
    </ClInclude>
    <ClInclude Include="..\include\bdf\file.h">
      <Filter>Header Files</Filter>
    </ClInclude>
    <ClInclude Include="..\include\extfem_string.h">
      <Filter>Header Files</Filter>
    </ClInclude>
    <ClInclude Include="..\include\bdf\types.h">
      <Filter>Header Files</Filter>
    </ClInclude>
    <ClInclude Include="..\include\catch.hpp">
      <Filter>Header Files</Filter>
    </ClInclude>
  </ItemGroup>
  <ItemGroup>
    <ClCompile Include="test_bdf_cards.cpp">
      <Filter>Source Files</Filter>
    </ClCompile>
    <ClCompile Include="test_bdf_cards_cbar.cpp">
      <Filter>Source Files</Filter>
    </ClCompile>
    <ClCompile Include="test_bdf_cards_cbeam.cpp">
      <Filter>Source Files</Filter>
    </ClCompile>
    <ClCompile Include="test_bdf_cards_cquad4.cpp">
      <Filter>Source Files</Filter>
    </ClCompile>
    <ClCompile Include="test_bdf_cards_crod.cpp">
      <Filter>Source Files</Filter>
    </ClCompile>
    <ClCompile Include="test_bdf_cards_ctria3.cpp">
      <Filter>Source Files</Filter>
    </ClCompile>
    <ClCompile Include="test_bdf_cards_enddata.cpp">
      <Filter>Source Files</Filter>
    </ClCompile>
    <ClCompile Include="test_bdf_cards_force.cpp">
      <Filter>Source Files</Filter>
    </ClCompile>
    <ClCompile Include="test_bdf_cards_grid.cpp">
      <Filter>Source Files</Filter>
    </ClCompile>
    <ClCompile Include="test_bdf_cards_load.cpp">
      <Filter>Source Files</Filter>
    </ClCompile>
    <ClCompile Include="test_bdf_cards_mat1.cpp">
      <Filter>Source Files</Filter>
    </ClCompile>
    <ClCompile Include="test_bdf_cards_mat2.cpp">
      <Filter>Source Files</Filter>
    </ClCompile>
    <ClCompile Include="test_bdf_cards_moment.cpp">
      <Filter>Source Files</Filter>
    </ClCompile>
    <ClCompile Include="test_bdf_cards_pbar.cpp">
      <Filter>Source Files</Filter>
    </ClCompile>
    <ClCompile Include="test_bdf_cards_pbarl.cpp">
      <Filter>Source Files</Filter>
    </ClCompile>
    <ClCompile Include="test_bdf_cards_pbeam.cpp">
      <Filter>Source Files</Filter>
    </ClCompile>
    <ClCompile Include="test_bdf_cards_pbeaml.cpp">
      <Filter>Source Files</Filter>
    </ClCompile>
    <ClCompile Include="test_bdf_cards_prod.cpp">
      <Filter>Source Files</Filter>
    </ClCompile>
    <ClCompile Include="test_bdf_cards_pshell.cpp">
      <Filter>Source Files</Filter>
    </ClCompile>
  </ItemGroup>
</Project>