<?xml version="1.0" encoding="utf-8"?>
<Project ToolsVersion="4.0" xmlns="http://schemas.microsoft.com/developer/msbuild/2003">
  <ItemGroup>
    <Filter Include="Header Files">
      <UniqueIdentifier>{e4d902da-3d57-4e75-9493-ce9e10254443}</UniqueIdentifier>
      <Extensions>h</Extensions>
    </Filter>
    <Filter Include="Source Files">
      <UniqueIdentifier>{4a244f57-bcbd-44d3-ba04-151a07bf5664}</UniqueIdentifier>
      <Extensions>cpp</Extensions>
    </Filter>
  </ItemGroup>
  <ItemGroup>
    <ClCompile Include="test_bdf_header.cpp">
      <Filter>Source Files</Filter>
    </ClCompile>
    <ClCompile Include="test_bdf_header_displacement.cpp">
      <Filter>Source Files</Filter>
    </ClCompile>
    <ClCompile Include="test_bdf_header_echo.cpp">
      <Filter>Source Files</Filter>
    </ClCompile>
    <ClCompile Include="test_bdf_header_spcforces.cpp">
      <Filter>Source Files</Filter>
    </ClCompile>
    <ClCompile Include="test_bdf_header_stress.cpp">
      <Filter>Source Files</Filter>
    </ClCompile>
  </ItemGroup>
  <ItemGroup>
    <ClInclude Include="..\include\bdf\header.h">
      <Filter>Header Files</Filter>
    </ClInclude>
  </ItemGroup>
</Project>