<?xml version="1.0" encoding="utf-8"?>
<Project ToolsVersion="4.0" xmlns="http://schemas.microsoft.com/developer/msbuild/2003">
  <ItemGroup>
    <Filter Include="Header Files">
      <UniqueIdentifier>{36a387ea-a300-4bc4-aa27-2e80da0098c9}</UniqueIdentifier>
      <Extensions>h</Extensions>
    </Filter>
    <Filter Include="Source Files">
      <UniqueIdentifier>{6d213d14-8a72-4c95-a4e5-f7116a78c010}</UniqueIdentifier>
      <Extensions>cpp</Extensions>
    </Filter>
  </ItemGroup>
  <ItemGroup>
    <ClCompile Include="test_bdf_float.cpp">
      <Filter>Source Files</Filter>
    </ClCompile>
  </ItemGroup>
  <ItemGroup>
    <ClInclude Include="..\include\catch.hpp">
      <Filter>Header Files</Filter>
    </ClInclude>
    <ClInclude Include="..\include\bdf\cards.h">
      <Filter>Header Files</Filter>
    </ClInclude>
    <ClInclude Include="..\include\bdf\file.h">
      <Filter>Header Files</Filter>
    </ClInclude>
    <ClInclude Include="..\include\extfem_string.h">
      <Filter>Header Files</Filter>
    </ClInclude>
    <ClInclude Include="..\include\bdf\types.h">
      <Filter>Header Files</Filter>
    </ClInclude>
  </ItemGroup>
</Project>
