<?xml version="1.0" encoding="utf-8"?>
<Project ToolsVersion="4.0" xmlns="http://schemas.microsoft.com/developer/msbuild/2003">
  <ItemGroup>
    <ClInclude Include="..\include\fem\cards.h">
      <Filter>Header Files</Filter>
    </ClInclude>
    <ClInclude Include="..\include\catch.hpp">
      <Filter>Header Files</Filter>
    </ClInclude>
    <ClInclude Include="..\include\fem\file.h">
      <Filter>Header Files</Filter>
    </ClInclude>
    <ClInclude Include="..\include\extfem_string.h">
      <Filter>Header Files</Filter>
    </ClInclude>
    <ClInclude Include="..\include\fem\types.h">
      <Filter>Header Files</Filter>
    </ClInclude>
  </ItemGroup>
  <ItemGroup>
    <Filter Include="Header Files">
      <UniqueIdentifier>{545a4618-7c37-43f7-84ae-0d67a1b7cg67}</UniqueIdentifier>
    </Filter>
    <Filter Include="Source Files">
      <UniqueIdentifier>{4563dfd8-d635-4fe5-889b-c6df610817b0}</UniqueIdentifier>
    </Filter>
  </ItemGroup>
  <ItemGroup>
    <ClCompile Include="test_fem_elements.cpp">
      <Filter>Source Files</Filter>
    </ClCompile>
    <ClCompile Include="test_fem_element_adva_2.cpp">
      <Filter>Source Files</Filter>
    </ClCompile>
    <ClCompile Include="test_fem_element_adva_4.cpp">
      <Filter>Source Files</Filter>
    </ClCompile>
    <ClCompile Include="test_fem_element_axcs.cpp">
      <Filter>Source Files</Filter>
    </ClCompile>
    <ClCompile Include="test_fem_element_axda.cpp">
      <Filter>Source Files</Filter>
    </ClCompile>
    <ClCompile Include="test_fem_element_axis.cpp">
      <Filter>Source Files</Filter>
    </ClCompile>
    <ClCompile Include="test_fem_element_axlq.cpp">
      <Filter>Source Files</Filter>
    </ClCompile>
    <ClCompile Include="test_fem_element_axls.cpp">
      <Filter>Source Files</Filter>
    </ClCompile>
    <ClCompile Include="test_fem_element_axqq.cpp">
      <Filter>Source Files</Filter>
    </ClCompile>
    <ClCompile Include="test_fem_element_beas.cpp">
      <Filter>Source Files</Filter>
    </ClCompile>
    <ClCompile Include="test_fem_element_beps.cpp">
      <Filter>Source Files</Filter>
    </ClCompile>
    <ClCompile Include="test_fem_element_btss.cpp">
      <Filter>Source Files</Filter>
    </ClCompile>
    <ClCompile Include="test_fem_element_csta.cpp">
      <Filter>Source Files</Filter>
    </ClCompile>
    <ClCompile Include="test_fem_element_ctal.cpp">
      <Filter>Source Files</Filter>
    </ClCompile>
    <ClCompile Include="test_fem_element_ctaq.cpp">
      <Filter>Source Files</Filter>
    </ClCompile>
    <ClCompile Include="test_fem_element_ctcc.cpp">
      <Filter>Source Files</Filter>
    </ClCompile>
    <ClCompile Include="test_fem_element_ctcl.cpp">
      <Filter>Source Files</Filter>
    </ClCompile>
    <ClCompile Include="test_fem_element_ctcp.cpp">
      <Filter>Source Files</Filter>
    </ClCompile>
    <ClCompile Include="test_fem_element_ctcq.cpp">
      <Filter>Source Files</Filter>
    </ClCompile>
    <ClCompile Include="test_fem_element_ctlq.cpp">
      <Filter>Source Files</Filter>
    </ClCompile>
    <ClCompile Include="test_fem_element_ctmq.cpp">
      <Filter>Source Files</Filter>
    </ClCompile>
    <ClCompile Include="test_fem_element_fqus_ffq.cpp">
      <Filter>Source Files</Filter>
    </ClCompile>
    <ClCompile Include="test_fem_element_ftrs_fftr.cpp">
      <Filter>Source Files</Filter>
    </ClCompile>
    <ClCompile Include="test_fem_element_gdam.cpp">
      <Filter>Source Files</Filter>
    </ClCompile>
    <ClCompile Include="test_fem_element_ghex.cpp">
      <Filter>Source Files</Filter>
    </ClCompile>
    <ClCompile Include="test_fem_element_glda.cpp">
      <Filter>Source Files</Filter>
    </ClCompile>
    <ClCompile Include="test_fem_element_glma.cpp">
      <Filter>Source Files</Filter>
    </ClCompile>
    <ClCompile Include="test_fem_element_glsh.cpp">
      <Filter>Source Files</Filter>
    </ClCompile>
    <ClCompile Include="test_fem_element_gmas.cpp">
      <Filter>Source Files</Filter>
    </ClCompile>
    <ClCompile Include="test_fem_element_gspr.cpp">
      <Filter>Source Files</Filter>
    </ClCompile>
    <ClCompile Include="test_fem_element_hcqs.cpp">
      <Filter>Source Files</Filter>
    </ClCompile>
    <ClCompile Include="test_fem_element_ihex.cpp">
      <Filter>Source Files</Filter>
    </ClCompile>
    <ClCompile Include="test_fem_element_ilst.cpp">
      <Filter>Source Files</Filter>
    </ClCompile>
    <ClCompile Include="test_fem_element_ipri.cpp">
      <Filter>Source Files</Filter>
    </ClCompile>
    <ClCompile Include="test_fem_element_iqqe.cpp">
      <Filter>Source Files</Filter>
    </ClCompile>
    <ClCompile Include="test_fem_element_itet.cpp">
      <Filter>Source Files</Filter>
    </ClCompile>
    <ClCompile Include="test_fem_element_lcqs.cpp">
      <Filter>Source Files</Filter>
    </ClCompile>
    <ClCompile Include="test_fem_element_lcts.cpp">
      <Filter>Source Files</Filter>
    </ClCompile>
    <ClCompile Include="test_fem_element_lhex.cpp">
      <Filter>Source Files</Filter>
    </ClCompile>
    <ClCompile Include="test_fem_element_lqua.cpp">
      <Filter>Source Files</Filter>
    </ClCompile>
    <ClCompile Include="test_fem_element_matr.cpp">
      <Filter>Source Files</Filter>
    </ClCompile>
    <ClCompile Include="test_fem_element_mcqs.cpp">
      <Filter>Source Files</Filter>
    </ClCompile>
    <ClCompile Include="test_fem_element_mcts.cpp">
      <Filter>Source Files</Filter>
    </ClCompile>
    <ClCompile Include="test_fem_element_pcab.cpp">
      <Filter>Source Files</Filter>
    </ClCompile>
    <ClCompile Include="test_fem_element_pils.cpp">
      <Filter>Source Files</Filter>
    </ClCompile>
    <ClCompile Include="test_fem_element_pspr.cpp">
      <Filter>Source Files</Filter>
    </ClCompile>
    <ClCompile Include="test_fem_element_rpbq.cpp">
      <Filter>Source Files</Filter>
    </ClCompile>
    <ClCompile Include="test_fem_element_scqs.cpp">
      <Filter>Source Files</Filter>
    </ClCompile>
    <ClCompile Include="test_fem_element_scts.cpp">
      <Filter>Source Files</Filter>
    </ClCompile>
    <ClCompile Include="test_fem_element_secb.cpp">
      <Filter>Source Files</Filter>
    </ClCompile>
    <ClCompile Include="test_fem_element_slcb.cpp">
      <Filter>Source Files</Filter>
    </ClCompile>
    <ClCompile Include="test_fem_element_slqs.cpp">
      <Filter>Source Files</Filter>
    </ClCompile>
    <ClCompile Include="test_fem_element_slts.cpp">
      <Filter>Source Files</Filter>
    </ClCompile>
    <ClCompile Include="test_fem_element_tess.cpp">
      <Filter>Source Files</Filter>
    </ClCompile>
    <ClCompile Include="test_fem_element_tetr.cpp">
      <Filter>Source Files</Filter>
    </ClCompile>
    <ClCompile Include="test_fem_element_tpri.cpp">
      <Filter>Source Files</Filter>
    </ClCompile>
    <ClCompile Include="test_fem_element_trs1.cpp">
      <Filter>Source Files</Filter>
    </ClCompile>
    <ClCompile Include="test_fem_element_trs2.cpp">
      <Filter>Source Files</Filter>
    </ClCompile>
    <ClCompile Include="test_fem_element_trs3.cpp">
      <Filter>Source Files</Filter>
    </ClCompile>
  </ItemGroup>
</Project>