<?xml version="1.0" encoding="utf-8"?>
<Project ToolsVersion="4.0" xmlns="http://schemas.microsoft.com/developer/msbuild/2003">
  <ItemGroup>
    <ClCompile Include="test_cards.cpp">
      <Filter>Source</Filter>
    </ClCompile>
    <ClCompile Include="test_cards_grid.cpp">
      <Filter>Source</Filter>
    </ClCompile>
    <ClCompile Include="test_cards_mat1.cpp">
      <Filter>Source</Filter>
    </ClCompile>
    <ClCompile Include="test_cards_cquad4.cpp">
      <Filter>Source</Filter>
    </ClCompile>
    <ClCompile Include="test_cards_ctria3.cpp">
      <Filter>Source</Filter>
    </ClCompile>
    <ClCompile Include="test_cards_cbeam.cpp">
      <Filter>Source</Filter>
    </ClCompile>
    <ClCompile Include="test_cards_cbar.cpp">
      <Filter>Source</Filter>
    </ClCompile>
    <ClCompile Include="test_cards_crod.cpp">
      <Filter>Source</Filter>
    </ClCompile>
    <ClCompile Include="test_cards_pbar.cpp">
      <Filter>Source</Filter>
    </ClCompile>
    <ClCompile Include="test_cards_pbarl.cpp">
      <Filter>Source</Filter>
    </ClCompile>
    <ClCompile Include="test_cards_pbeam.cpp">
      <Filter>Source</Filter>
    </ClCompile>
    <ClCompile Include="test_cards_pbeaml.cpp">
      <Filter>Source</Filter>
    </ClCompile>
    <ClCompile Include="test_cards_prod.cpp">
      <Filter>Source</Filter>
    </ClCompile>
    <ClCompile Include="test_cards_pshell.cpp">
      <Filter>Source</Filter>
    </ClCompile>
  </ItemGroup>
  <ItemGroup>
    <Filter Include="Source">
      <UniqueIdentifier>{ccb728eb-ed84-4eb4-97ed-f90bfaf7ab24}</UniqueIdentifier>
      <Extensions>cpp</Extensions>
    </Filter>
    <Filter Include="Header">
      <UniqueIdentifier>{a64d1afb-34c8-409e-b8b4-b9a5302e4ea6}</UniqueIdentifier>
      <Extensions>h</Extensions>
    </Filter>
  </ItemGroup>
  <ItemGroup>
    <ClInclude Include="..\include\catch.hpp">
      <Filter>Header</Filter>
    </ClInclude>
    <ClInclude Include="..\include\my_c++14.h">
      <Filter>Header</Filter>
    </ClInclude>
    <ClInclude Include="..\include\stdafx.h">
      <Filter>Header</Filter>
    </ClInclude>
    <ClInclude Include="..\include\bdf\cards.h">
      <Filter>Header</Filter>
    </ClInclude>
    <ClInclude Include="..\include\bdf\cards_elements.h">
      <Filter>Header</Filter>
    </ClInclude>
    <ClInclude Include="..\include\bdf\cards_loads.h">
      <Filter>Header</Filter>
    </ClInclude>
    <ClInclude Include="..\include\bdf\cards_properties.h">
      <Filter>Header</Filter>
    </ClInclude>
    <ClInclude Include="..\include\bdf\errors.h">
      <Filter>Header</Filter>
    </ClInclude>
    <ClInclude Include="..\include\bdf\file.h">
      <Filter>Header</Filter>
    </ClInclude>
    <ClInclude Include="..\include\bdf\string.h">
      <Filter>Header</Filter>
    </ClInclude>
    <ClInclude Include="..\include\bdf\type_bounds.h">
      <Filter>Header</Filter>
    </ClInclude>
    <ClInclude Include="..\include\bdf\types.h">
      <Filter>Header</Filter>
    </ClInclude>
  </ItemGroup>
</Project>