<?xml version="1.0" encoding="utf-8"?>
<Project ToolsVersion="4.0" xmlns="http://schemas.microsoft.com/developer/msbuild/2003">
  <ItemGroup>
    <ClCompile Include="bdf_cards.cpp">
      <Filter>Source</Filter>
    </ClCompile>
    <ClCompile Include="bdf_cards_grid.cpp">
      <Filter>Source</Filter>
    </ClCompile>
    <ClCompile Include="bdf_file.cpp">
      <Filter>Source</Filter>
    </ClCompile>
    <ClCompile Include="bdf_string.cpp">
      <Filter>Source</Filter>
    </ClCompile>
    <ClCompile Include="..\src\bdf_types.cpp">
      <Filter>Source</Filter>
    </ClCompile>
    <ClCompile Include="bdf_types_float.cpp">
      <Filter>Source</Filter>
    </ClCompile>
    <ClCompile Include="bdf_types_int.cpp">
      <Filter>Source</Filter>
    </ClCompile>
  </ItemGroup>
  <ItemGroup>
    <ResourceCompile Include="app.rc" />
  </ItemGroup>
  <ItemGroup>
    <Image Include="app.ico" />
  </ItemGroup>
  <ItemGroup>
    <Filter Include="Header">
      <UniqueIdentifier>{1faadb87-3964-4127-9e75-c97d96b97788}</UniqueIdentifier>
      <Extensions>h</Extensions>
    </Filter>
    <Filter Include="Source">
      <UniqueIdentifier>{36474784-e91c-44e3-bbb0-5163c21a87bd}</UniqueIdentifier>
      <Extensions>cpp</Extensions>
    </Filter>
  </ItemGroup>
  <ItemGroup>
    <ClInclude Include="resource.h">
      <Filter>Header</Filter>
    </ClInclude>
    <ClInclude Include="Stdafx.h">
      <Filter>Header</Filter>
    </ClInclude>
    <ClInclude Include="..\include\bdf_cards.h">
      <Filter>Header</Filter>
    </ClInclude>
    <ClInclude Include="..\include\bdf_file.h">
      <Filter>Header</Filter>
    </ClInclude>
    <ClInclude Include="..\include\bdf_string.h">
      <Filter>Header</Filter>
    </ClInclude>
    <ClInclude Include="..\include\bdf_types.h">
      <Filter>Header</Filter>
    </ClInclude>
  </ItemGroup>
</Project>