<?xml version="1.0" encoding="utf-8"?>
<Project ToolsVersion="4.0" xmlns="http://schemas.microsoft.com/developer/msbuild/2003">
  <ItemGroup>
    <ClCompile Include="bdf_cards.cpp">
      <Filter>Source</Filter>
    </ClCompile>
    <ClCompile Include="bdf_cards_grid.cpp">
      <Filter>Source</Filter>
    </ClCompile>
    <ClCompile Include="bdf_file.cpp">
      <Filter>Source</Filter>
    </ClCompile>
    <ClCompile Include="bdf_string.cpp">
      <Filter>Source</Filter>
    </ClCompile>
    <ClCompile Include="bdf_types_float.cpp">
      <Filter>Source</Filter>
    </ClCompile>
    <ClCompile Include="bdf_types_int.cpp">
      <Filter>Source</Filter>
    </ClCompile>
    <ClCompile Include="bdf_cards_mat1.cpp">
      <Filter>Source</Filter>
    </ClCompile>
    <ClCompile Include="bdf_errors.cpp">
      <Filter>Source</Filter>
    </ClCompile>
    <ClCompile Include="StdAfx.cpp">
      <Filter>Source</Filter>
    </ClCompile>
    <ClCompile Include="bdf_cards_cquad4.cpp">
      <Filter>Source</Filter>
    </ClCompile>
    <ClCompile Include="bdf_cards_ctria3.cpp">
      <Filter>Source</Filter>
    </ClCompile>
    <ClCompile Include="bdf_cards_shell.cpp">
      <Filter>Source</Filter>
    </ClCompile>
    <ClCompile Include="bdf_cards_pshell.cpp">
      <Filter>Source</Filter>
    </ClCompile>
    <ClCompile Include="bdf_cards_cbeam.cpp">
      <Filter>Source</Filter>
    </ClCompile>
    <ClCompile Include="bdf_types_str.cpp">
      <Filter>Source</Filter>
    </ClCompile>
    <ClCompile Include="bdf_l_geom.cpp">
      <Filter>Source</Filter>
    </ClCompile>
    <ClCompile Include="bdf_cards_cbar.cpp">
      <Filter>Source</Filter>
    </ClCompile>
    <ClCompile Include="bdf_cards_crod.cpp">
      <Filter>Source</Filter>
    </ClCompile>
    <ClCompile Include="bdf_cards_pbar.cpp">
      <Filter>Source</Filter>
    </ClCompile>
    <ClCompile Include="bdf_cards_pbarl.cpp">
      <Filter>Source</Filter>
    </ClCompile>
    <ClCompile Include="bdf_cards_pbeam.cpp">
      <Filter>Source</Filter>
    </ClCompile>
    <ClCompile Include="bdf_cards_pbeaml.cpp">
      <Filter>Source</Filter>
    </ClCompile>
    <ClCompile Include="bdf_cards_prod.cpp">
      <Filter>Source</Filter>
    </ClCompile>
    <ClCompile Include="bdf_types.cpp">
      <Filter>Source</Filter>
    </ClCompile>
    <ClCompile Include="bdf_types_list_int.cpp">
      <Filter>Source</Filter>
    </ClCompile>
    <ClCompile Include="bdf_cards_bar_prop.cpp">
      <Filter>Source</Filter>
    </ClCompile>
    <ClCompile Include="bdf_cards_beam_prop.cpp">
      <Filter>Source</Filter>
    </ClCompile>
  </ItemGroup>
  <ItemGroup>
    <ResourceCompile Include="app.rc" />
  </ItemGroup>
  <ItemGroup>
    <Image Include="app.ico" />
  </ItemGroup>
  <ItemGroup>
    <Filter Include="Header">
      <UniqueIdentifier>{1faadb87-3964-4127-9e75-c97d96b97788}</UniqueIdentifier>
      <Extensions>h</Extensions>
    </Filter>
    <Filter Include="Source">
      <UniqueIdentifier>{36474784-e91c-44e3-bbb0-5163c21a87bd}</UniqueIdentifier>
      <Extensions>cpp</Extensions>
    </Filter>
  </ItemGroup>
  <ItemGroup>
    <ClInclude Include="resource.h">
      <Filter>Header</Filter>
    </ClInclude>
    <ClInclude Include="Stdafx.h">
      <Filter>Header</Filter>
    </ClInclude>
    <ClInclude Include="..\include\bdf_cards.h">
      <Filter>Header</Filter>
    </ClInclude>
    <ClInclude Include="..\include\bdf_file.h">
      <Filter>Header</Filter>
    </ClInclude>
    <ClInclude Include="..\include\bdf_string.h">
      <Filter>Header</Filter>
    </ClInclude>
    <ClInclude Include="..\include\bdf_types.h">
      <Filter>Header</Filter>
    </ClInclude>
    <ClInclude Include="..\include\bdf_errors.h">
      <Filter>Header</Filter>
    </ClInclude>
    <ClInclude Include="..\include\catch.hpp" />
    <ClInclude Include="..\include\bdf_cards_elements.h">
      <Filter>Header</Filter>
    </ClInclude>
    <ClInclude Include="..\include\my_c++14.h">
      <Filter>Header</Filter>
    </ClInclude>
    <ClInclude Include="..\include\bdf_cards_properties.h">
      <Filter>Header</Filter>
    </ClInclude>
    <ClInclude Include="..\include\bdf_type_bounds.h">
      <Filter>Header</Filter>
    </ClInclude>
  </ItemGroup>
</Project>